
Microsoft Visual Studio Solution File, Format Version 12.00
# Visual Studio Version 17
VisualStudioVersion = 17.9.34728.123
MinimumVisualStudioVersion = 10.0.40219.1
Project("{888888A0-9F3D-457C-B088-3A5042F75D52}") = "graficosExcel", "graficosExcel.pyproj", "{2A660B99-4E3D-4BDF-85E3-95882A2E356A}"
EndProject
Global
	GlobalSection(SolutionConfigurationPlatforms) = preSolution
		Debug|Any CPU = Debug|Any CPU
		Release|Any CPU = Release|Any CPU
	EndGlobalSection
	GlobalSection(ProjectConfigurationPlatforms) = postSolution
		{2A660B99-4E3D-4BDF-85E3-95882A2E356A}.Debug|Any CPU.ActiveCfg = Debug|Any CPU
		{2A660B99-4E3D-4BDF-85E3-95882A2E356A}.Release|Any CPU.ActiveCfg = Release|Any CPU
	EndGlobalSection
	GlobalSection(SolutionProperties) = preSolution
		HideSolutionNode = FALSE
	EndGlobalSection
	GlobalSection(ExtensibilityGlobals) = postSolution
		SolutionGuid = {10AD8D29-1AAA-411F-A059-CCCF6A2F144D}
	EndGlobalSection
EndGlobal
